
Microsoft Visual Studio Solution File, Format Version 12.00
# Visual Studio Version 17
VisualStudioVersion = 17.7.34031.279
MinimumVisualStudioVersion = 10.0.40219.1
Project("{FAE04EC0-301F-11D3-BF4B-00C04F79EFBC}") = "DapperNight", "DapperNight\DapperNight.csproj", "{CC1DB999-81D3-4183-B48A-A3C87C3DB057}"
EndProject
Global
	GlobalSection(SolutionConfigurationPlatforms) = preSolution
		Debug|Any CPU = Debug|Any CPU
		Release|Any CPU = Release|Any CPU
	EndGlobalSection
	GlobalSection(ProjectConfigurationPlatforms) = postSolution
		{CC1DB999-81D3-4183-B48A-A3C87C3DB057}.Debug|Any CPU.ActiveCfg = Debug|Any CPU
		{CC1DB999-81D3-4183-B48A-A3C87C3DB057}.Debug|Any CPU.Build.0 = Debug|Any CPU
		{CC1DB999-81D3-4183-B48A-A3C87C3DB057}.Release|Any CPU.ActiveCfg = Release|Any CPU
		{CC1DB999-81D3-4183-B48A-A3C87C3DB057}.Release|Any CPU.Build.0 = Release|Any CPU
	EndGlobalSection
	GlobalSection(SolutionProperties) = preSolution
		HideSolutionNode = FALSE
	EndGlobalSection
	GlobalSection(ExtensibilityGlobals) = postSolution
		SolutionGuid = {1320C5C7-AE76-4663-A38F-B25875769E82}
	EndGlobalSection
EndGlobal
